
Microsoft Visual Studio Solution File, Format Version 12.00
# Visual Studio Version 17
VisualStudioVersion = 17.5.002.0
MinimumVisualStudioVersion = 10.0.40219.1
Project("{9A19103F-16F7-4668-BE54-9A1E7A4F7556}") = "Math Game", "Math Game.csproj", "{E4C3D5A2-5A43-419C-B319-ABD58ABB1239}"
EndProject
Global
	GlobalSection(SolutionConfigurationPlatforms) = preSolution
		Debug|Any CPU = Debug|Any CPU
		Release|Any CPU = Release|Any CPU
	EndGlobalSection
	GlobalSection(ProjectConfigurationPlatforms) = postSolution
		{E4C3D5A2-5A43-419C-B319-ABD58ABB1239}.Debug|Any CPU.ActiveCfg = Debug|Any CPU
		{E4C3D5A2-5A43-419C-B319-ABD58ABB1239}.Debug|Any CPU.Build.0 = Debug|Any CPU
		{E4C3D5A2-5A43-419C-B319-ABD58ABB1239}.Release|Any CPU.ActiveCfg = Release|Any CPU
		{E4C3D5A2-5A43-419C-B319-ABD58ABB1239}.Release|Any CPU.Build.0 = Release|Any CPU
	EndGlobalSection
	GlobalSection(SolutionProperties) = preSolution
		HideSolutionNode = FALSE
	EndGlobalSection
	GlobalSection(ExtensibilityGlobals) = postSolution
		SolutionGuid = {F4B39E40-545A-42F4-AF51-2C78B58D41B4}
	EndGlobalSection
EndGlobal
